// !$*UTF8*$!
{
	archiveVersion = 1;
	classes = {
	};
	objectVersion = 46;
	objects = {

/* Begin PBXBuildFile section */
		96061AE51F7E8E6A00C66E66 /* player.c in Sources */ = {isa = PBXBuildFile; fileRef = 96061AE31F7E8E6A00C66E66 /* player.c */; };
		96061AE81F7F240700C66E66 /* bullet.c in Sources */ = {isa = PBXBuildFile; fileRef = 96061AE61F7F240700C66E66 /* bullet.c */; };
		9659495C1F7DE8840035B304 /* libSDL2_image-2.0.0.dylib in Frameworks */ = {isa = PBXBuildFile; fileRef = 9659495B1F7DE8840035B304 /* libSDL2_image-2.0.0.dylib */; };
		965E3ABD1F8661EE00051ADF /* enemy.c in Sources */ = {isa = PBXBuildFile; fileRef = 965E3ABB1F8661EE00051ADF /* enemy.c */; };
		966485601F6C5C2500EE37CE /* main.c in Sources */ = {isa = PBXBuildFile; fileRef = 9664855F1F6C5C2500EE37CE /* main.c */; };
		9664856A1F6C5D1A00EE37CE /* libSDL2-2.0.0.dylib in Frameworks */ = {isa = PBXBuildFile; fileRef = 966485691F6C5D1A00EE37CE /* libSDL2-2.0.0.dylib */; };
		96EEB9F61F8142B0004470A9 /* projectile.c in Sources */ = {isa = PBXBuildFile; fileRef = 96EEB9F41F8142B0004470A9 /* projectile.c */; };
/* End PBXBuildFile section */

/* Begin PBXCopyFilesBuildPhase section */
		9664855A1F6C5C2500EE37CE /* CopyFiles */ = {
			isa = PBXCopyFilesBuildPhase;
			buildActionMask = 2147483647;
			dstPath = /usr/share/man/man1/;
			dstSubfolderSpec = 0;
			files = (
			);
			runOnlyForDeploymentPostprocessing = 1;
		};
/* End PBXCopyFilesBuildPhase section */

/* Begin PBXFileReference section */
		96061AE31F7E8E6A00C66E66 /* player.c */ = {isa = PBXFileReference; fileEncoding = 4; lastKnownFileType = sourcecode.c.c; path = player.c; sourceTree = "<group>"; };
		96061AE41F7E8E6A00C66E66 /* player.h */ = {isa = PBXFileReference; fileEncoding = 4; lastKnownFileType = sourcecode.c.h; path = player.h; sourceTree = "<group>"; };
		96061AE61F7F240700C66E66 /* bullet.c */ = {isa = PBXFileReference; fileEncoding = 4; lastKnownFileType = sourcecode.c.c; path = bullet.c; sourceTree = "<group>"; };
		96061AE71F7F240700C66E66 /* bullet.h */ = {isa = PBXFileReference; fileEncoding = 4; lastKnownFileType = sourcecode.c.h; path = bullet.h; sourceTree = "<group>"; };
		9659495B1F7DE8840035B304 /* libSDL2_image-2.0.0.dylib */ = {isa = PBXFileReference; lastKnownFileType = "compiled.mach-o.dylib"; name = "libSDL2_image-2.0.0.dylib"; path = "../../../../usr/local/Cellar/sdl2_image/2.0.1_3/lib/libSDL2_image-2.0.0.dylib"; sourceTree = "<group>"; };
		965E3ABB1F8661EE00051ADF /* enemy.c */ = {isa = PBXFileReference; fileEncoding = 4; lastKnownFileType = sourcecode.c.c; path = enemy.c; sourceTree = "<group>"; };
		965E3ABC1F8661EE00051ADF /* enemy.h */ = {isa = PBXFileReference; fileEncoding = 4; lastKnownFileType = sourcecode.c.h; path = enemy.h; sourceTree = "<group>"; };
		9664855C1F6C5C2500EE37CE /* sdl_game1 */ = {isa = PBXFileReference; explicitFileType = "compiled.mach-o.executable"; includeInIndex = 0; path = sdl_game1; sourceTree = BUILT_PRODUCTS_DIR; };
		9664855F1F6C5C2500EE37CE /* main.c */ = {isa = PBXFileReference; lastKnownFileType = sourcecode.c.c; path = main.c; sourceTree = "<group>"; };
		966485671F6C5CF400EE37CE /* sdl2 */ = {isa = PBXFileReference; lastKnownFileType = folder; name = sdl2; path = ../../../../usr/local/Cellar/sdl2; sourceTree = "<group>"; };
		966485691F6C5D1A00EE37CE /* libSDL2-2.0.0.dylib */ = {isa = PBXFileReference; lastKnownFileType = "compiled.mach-o.dylib"; name = "libSDL2-2.0.0.dylib"; path = "../../../../usr/local/Cellar/sdl2/2.0.5/lib/libSDL2-2.0.0.dylib"; sourceTree = "<group>"; };
		96EEB9F41F8142B0004470A9 /* projectile.c */ = {isa = PBXFileReference; fileEncoding = 4; lastKnownFileType = sourcecode.c.c; path = projectile.c; sourceTree = "<group>"; };
		96EEB9F51F8142B0004470A9 /* projectile.h */ = {isa = PBXFileReference; fileEncoding = 4; lastKnownFileType = sourcecode.c.h; path = projectile.h; sourceTree = "<group>"; };
/* End PBXFileReference section */

/* Begin PBXFrameworksBuildPhase section */
		966485591F6C5C2500EE37CE /* Frameworks */ = {
			isa = PBXFrameworksBuildPhase;
			buildActionMask = 2147483647;
			files = (
				9659495C1F7DE8840035B304 /* libSDL2_image-2.0.0.dylib in Frameworks */,
				9664856A1F6C5D1A00EE37CE /* libSDL2-2.0.0.dylib in Frameworks */,
			);
			runOnlyForDeploymentPostprocessing = 0;
		};
/* End PBXFrameworksBuildPhase section */

/* Begin PBXGroup section */
		9659495E1F7DEFA00035B304 /* res */ = {
			isa = PBXGroup;
			children = (
			);
			name = res;
			sourceTree = "<group>";
		};
		966485531F6C5C2500EE37CE = {
			isa = PBXGroup;
			children = (
				9659495E1F7DEFA00035B304 /* res */,
				9664855E1F6C5C2500EE37CE /* sdl_game1 */,
				9664855D1F6C5C2500EE37CE /* Products */,
				966485661F6C5CF400EE37CE /* Frameworks */,
			);
			sourceTree = "<group>";
		};
		9664855D1F6C5C2500EE37CE /* Products */ = {
			isa = PBXGroup;
			children = (
				9664855C1F6C5C2500EE37CE /* sdl_game1 */,
			);
			name = Products;
			sourceTree = "<group>";
		};
		9664855E1F6C5C2500EE37CE /* sdl_game1 */ = {
			isa = PBXGroup;
			children = (
				9664855F1F6C5C2500EE37CE /* main.c */,
				96061AE31F7E8E6A00C66E66 /* player.c */,
				96061AE41F7E8E6A00C66E66 /* player.h */,
				96061AE61F7F240700C66E66 /* bullet.c */,
				96061AE71F7F240700C66E66 /* bullet.h */,
				96EEB9F41F8142B0004470A9 /* projectile.c */,
				96EEB9F51F8142B0004470A9 /* projectile.h */,
				965E3ABB1F8661EE00051ADF /* enemy.c */,
				965E3ABC1F8661EE00051ADF /* enemy.h */,
			);
			path = sdl_game1;
			sourceTree = "<group>";
		};
		966485661F6C5CF400EE37CE /* Frameworks */ = {
			isa = PBXGroup;
			children = (
				9659495B1F7DE8840035B304 /* libSDL2_image-2.0.0.dylib */,
				966485691F6C5D1A00EE37CE /* libSDL2-2.0.0.dylib */,
				966485671F6C5CF400EE37CE /* sdl2 */,
			);
			name = Frameworks;
			sourceTree = "<group>";
		};
/* End PBXGroup section */

/* Begin PBXNativeTarget section */
		9664855B1F6C5C2500EE37CE /* sdl_game1 */ = {
			isa = PBXNativeTarget;
			buildConfigurationList = 966485631F6C5C2500EE37CE /* Build configuration list for PBXNativeTarget "sdl_game1" */;
			buildPhases = (
				966485581F6C5C2500EE37CE /* Sources */,
				966485591F6C5C2500EE37CE /* Frameworks */,
				9664855A1F6C5C2500EE37CE /* CopyFiles */,
			);
			buildRules = (
			);
			dependencies = (
			);
			name = sdl_game1;
			productName = sdl_game1;
			productReference = 9664855C1F6C5C2500EE37CE /* sdl_game1 */;
			productType = "com.apple.product-type.tool";
		};
/* End PBXNativeTarget section */

/* Begin PBXProject section */
		966485541F6C5C2500EE37CE /* Project object */ = {
			isa = PBXProject;
			attributes = {
				LastUpgradeCheck = 0820;
				ORGANIZATIONNAME = Ridhwaan;
				TargetAttributes = {
					9664855B1F6C5C2500EE37CE = {
						CreatedOnToolsVersion = 8.2.1;
						ProvisioningStyle = Automatic;
					};
				};
			};
			buildConfigurationList = 966485571F6C5C2500EE37CE /* Build configuration list for PBXProject "sdl_game1" */;
			compatibilityVersion = "Xcode 3.2";
			developmentRegion = English;
			hasScannedForEncodings = 0;
			knownRegions = (
				en,
			);
			mainGroup = 966485531F6C5C2500EE37CE;
			productRefGroup = 9664855D1F6C5C2500EE37CE /* Products */;
			projectDirPath = "";
			projectRoot = "";
			targets = (
				9664855B1F6C5C2500EE37CE /* sdl_game1 */,
			);
		};
/* End PBXProject section */

/* Begin PBXSourcesBuildPhase section */
		966485581F6C5C2500EE37CE /* Sources */ = {
			isa = PBXSourcesBuildPhase;
			buildActionMask = 2147483647;
			files = (
				96061AE51F7E8E6A00C66E66 /* player.c in Sources */,
				966485601F6C5C2500EE37CE /* main.c in Sources */,
				96EEB9F61F8142B0004470A9 /* projectile.c in Sources */,
				965E3ABD1F8661EE00051ADF /* enemy.c in Sources */,
				96061AE81F7F240700C66E66 /* bullet.c in Sources */,
			);
			runOnlyForDeploymentPostprocessing = 0;
		};
/* End PBXSourcesBuildPhase section */

/* Begin XCBuildConfiguration section */
		966485611F6C5C2500EE37CE /* Debug */ = {
			isa = XCBuildConfiguration;
			buildSettings = {
				ALWAYS_SEARCH_USER_PATHS = NO;
				CLANG_ANALYZER_NONNULL = YES;
				CLANG_CXX_LANGUAGE_STANDARD = "gnu++0x";
				CLANG_CXX_LIBRARY = "libc++";
				CLANG_ENABLE_MODULES = YES;
				CLANG_ENABLE_OBJC_ARC = YES;
				CLANG_WARN_BOOL_CONVERSION = YES;
				CLANG_WARN_CONSTANT_CONVERSION = YES;
				CLANG_WARN_DIRECT_OBJC_ISA_USAGE = YES_ERROR;
				CLANG_WARN_DOCUMENTATION_COMMENTS = YES;
				CLANG_WARN_EMPTY_BODY = YES;
				CLANG_WARN_ENUM_CONVERSION = YES;
				CLANG_WARN_INFINITE_RECURSION = YES;
				CLANG_WARN_INT_CONVERSION = YES;
				CLANG_WARN_OBJC_ROOT_CLASS = YES_ERROR;
				CLANG_WARN_SUSPICIOUS_MOVE = YES;
				CLANG_WARN_UNREACHABLE_CODE = YES;
				CLANG_WARN__DUPLICATE_METHOD_MATCH = YES;
				CODE_SIGN_IDENTITY = "-";
				COPY_PHASE_STRIP = NO;
				DEBUG_INFORMATION_FORMAT = dwarf;
				ENABLE_STRICT_OBJC_MSGSEND = YES;
				ENABLE_TESTABILITY = YES;
				GCC_C_LANGUAGE_STANDARD = gnu99;
				GCC_DYNAMIC_NO_PIC = NO;
				GCC_NO_COMMON_BLOCKS = YES;
				GCC_OPTIMIZATION_LEVEL = 0;
				GCC_PREPROCESSOR_DEFINITIONS = (
					"DEBUG=1",
					"$(inherited)",
				);
				GCC_WARN_64_TO_32_BIT_CONVERSION = YES;
				GCC_WARN_ABOUT_RETURN_TYPE = YES_ERROR;
				GCC_WARN_UNDECLARED_SELECTOR = YES;
				GCC_WARN_UNINITIALIZED_AUTOS = YES_AGGRESSIVE;
				GCC_WARN_UNUSED_FUNCTION = YES;
				GCC_WARN_UNUSED_VARIABLE = YES;
				MACOSX_DEPLOYMENT_TARGET = 10.11;
				MTL_ENABLE_DEBUG_INFO = YES;
				ONLY_ACTIVE_ARCH = YES;
				SDKROOT = macosx;
			};
			name = Debug;
		};
		966485621F6C5C2500EE37CE /* Release */ = {
			isa = XCBuildConfiguration;
			buildSettings = {
				ALWAYS_SEARCH_USER_PATHS = NO;
				CLANG_ANALYZER_NONNULL = YES;
				CLANG_CXX_LANGUAGE_STANDARD = "gnu++0x";
				CLANG_CXX_LIBRARY = "libc++";
				CLANG_ENABLE_MODULES = YES;
				CLANG_ENABLE_OBJC_ARC = YES;
				CLANG_WARN_BOOL_CONVERSION = YES;
				CLANG_WARN_CONSTANT_CONVERSION = YES;
				CLANG_WARN_DIRECT_OBJC_ISA_USAGE = YES_ERROR;
				CLANG_WARN_DOCUMENTATION_COMMENTS = YES;
				CLANG_WARN_EMPTY_BODY = YES;
				CLANG_WARN_ENUM_CONVERSION = YES;
				CLANG_WARN_INFINITE_RECURSION = YES;
				CLANG_WARN_INT_CONVERSION = YES;
				CLANG_WARN_OBJC_ROOT_CLASS = YES_ERROR;
				CLANG_WARN_SUSPICIOUS_MOVE = YES;
				CLANG_WARN_UNREACHABLE_CODE = YES;
				CLANG_WARN__DUPLICATE_METHOD_MATCH = YES;
				CODE_SIGN_IDENTITY = "-";
				COPY_PHASE_STRIP = NO;
				DEBUG_INFORMATION_FORMAT = "dwarf-with-dsym";
				ENABLE_NS_ASSERTIONS = NO;
				ENABLE_STRICT_OBJC_MSGSEND = YES;
				GCC_C_LANGUAGE_STANDARD = gnu99;
				GCC_NO_COMMON_BLOCKS = YES;
				GCC_WARN_64_TO_32_BIT_CONVERSION = YES;
				GCC_WARN_ABOUT_RETURN_TYPE = YES_ERROR;
				GCC_WARN_UNDECLARED_SELECTOR = YES;
				GCC_WARN_UNINITIALIZED_AUTOS = YES_AGGRESSIVE;
				GCC_WARN_UNUSED_FUNCTION = YES;
				GCC_WARN_UNUSED_VARIABLE = YES;
				MACOSX_DEPLOYMENT_TARGET = 10.11;
				MTL_ENABLE_DEBUG_INFO = NO;
				SDKROOT = macosx;
			};
			name = Release;
		};
		966485641F6C5C2500EE37CE /* Debug */ = {
			isa = XCBuildConfiguration;
			buildSettings = {
				HEADER_SEARCH_PATHS = /usr/local/include;
				LIBRARY_SEARCH_PATHS = (
					"$(inherited)",
					/usr/local/Cellar/sdl2/2.0.5/lib,
					/usr/local/Cellar/sdl2_image/2.0.1_3/lib,
				);
				PRODUCT_NAME = "$(TARGET_NAME)";
			};
			name = Debug;
		};
		966485651F6C5C2500EE37CE /* Release */ = {
			isa = XCBuildConfiguration;
			buildSettings = {
				LIBRARY_SEARCH_PATHS = (
					"$(inherited)",
					/usr/local/Cellar/sdl2/2.0.5/lib,
					/usr/local/Cellar/sdl2_image/2.0.1_3/lib,
				);
				PRODUCT_NAME = "$(TARGET_NAME)";
			};
			name = Release;
		};
/* End XCBuildConfiguration section */

/* Begin XCConfigurationList section */
		966485571F6C5C2500EE37CE /* Build configuration list for PBXProject "sdl_game1" */ = {
			isa = XCConfigurationList;
			buildConfigurations = (
				966485611F6C5C2500EE37CE /* Debug */,
				966485621F6C5C2500EE37CE /* Release */,
			);
			defaultConfigurationIsVisible = 0;
			defaultConfigurationName = Release;
		};
		966485631F6C5C2500EE37CE /* Build configuration list for PBXNativeTarget "sdl_game1" */ = {
			isa = XCConfigurationList;
			buildConfigurations = (
				966485641F6C5C2500EE37CE /* Debug */,
				966485651F6C5C2500EE37CE /* Release */,
			);
			defaultConfigurationIsVisible = 0;
			defaultConfigurationName = Release;
		};
/* End XCConfigurationList section */
	};
	rootObject = 966485541F6C5C2500EE37CE /* Project object */;
}
